// !$*UTF8*$!
{
	archiveVersion = 1;
	classes = {
	};
	objectVersion = 46;
	objects = {

/* Begin PBXBuildFile section */
		8BB84EE51C3E811B00941160 /* main.m in Sources */ = {isa = PBXBuildFile; fileRef = 8BB84EE41C3E811B00941160 /* main.m */; };
		8BB84EE81C3E811B00941160 /* AppDelegate.m in Sources */ = {isa = PBXBuildFile; fileRef = 8BB84EE71C3E811B00941160 /* AppDelegate.m */; };
		8BB84EEB1C3E811B00941160 /* MasterViewController.m in Sources */ = {isa = PBXBuildFile; fileRef = 8BB84EEA1C3E811B00941160 /* MasterViewController.m */; };
		8BB84EEE1C3E811B00941160 /* DetailViewController.m in Sources */ = {isa = PBXBuildFile; fileRef = 8BB84EED1C3E811B00941160 /* DetailViewController.m */; };
		8BB84EF11C3E811B00941160 /* Main.storyboard in Resources */ = {isa = PBXBuildFile; fileRef = 8BB84EEF1C3E811B00941160 /* Main.storyboard */; };
		8BB84EF31C3E811B00941160 /* Assets.xcassets in Resources */ = {isa = PBXBuildFile; fileRef = 8BB84EF21C3E811B00941160 /* Assets.xcassets */; };
		8BB84EF61C3E811B00941160 /* LaunchScreen.storyboard in Resources */ = {isa = PBXBuildFile; fileRef = 8BB84EF41C3E811B00941160 /* LaunchScreen.storyboard */; };
		8BB84F011C3E811B00941160 /* UITableViewTestTests.m in Sources */ = {isa = PBXBuildFile; fileRef = 8BB84F001C3E811B00941160 /* UITableViewTestTests.m */; };
		8BB84F0C1C3E811B00941160 /* UITableViewTestUITests.m in Sources */ = {isa = PBXBuildFile; fileRef = 8BB84F0B1C3E811B00941160 /* UITableViewTestUITests.m */; };
/* End PBXBuildFile section */

/* Begin PBXContainerItemProxy section */
		8BB84EFD1C3E811B00941160 /* PBXContainerItemProxy */ = {
			isa = PBXContainerItemProxy;
			containerPortal = 8BB84ED81C3E811B00941160 /* Project object */;
			proxyType = 1;
			remoteGlobalIDString = 8BB84EDF1C3E811B00941160;
			remoteInfo = UITableViewTest;
		};
		8BB84F081C3E811B00941160 /* PBXContainerItemProxy */ = {
			isa = PBXContainerItemProxy;
			containerPortal = 8BB84ED81C3E811B00941160 /* Project object */;
			proxyType = 1;
			remoteGlobalIDString = 8BB84EDF1C3E811B00941160;
			remoteInfo = UITableViewTest;
		};
/* End PBXContainerItemProxy section */

/* Begin PBXFileReference section */
		8BB84EE01C3E811B00941160 /* UITableViewTest.app */ = {isa = PBXFileReference; explicitFileType = wrapper.application; includeInIndex = 0; path = UITableViewTest.app; sourceTree = BUILT_PRODUCTS_DIR; };
		8BB84EE41C3E811B00941160 /* main.m */ = {isa = PBXFileReference; lastKnownFileType = sourcecode.c.objc; path = main.m; sourceTree = "<group>"; };
		8BB84EE61C3E811B00941160 /* AppDelegate.h */ = {isa = PBXFileReference; lastKnownFileType = sourcecode.c.h; path = AppDelegate.h; sourceTree = "<group>"; };
		8BB84EE71C3E811B00941160 /* AppDelegate.m */ = {isa = PBXFileReference; lastKnownFileType = sourcecode.c.objc; path = AppDelegate.m; sourceTree = "<group>"; };
		8BB84EE91C3E811B00941160 /* MasterViewController.h */ = {isa = PBXFileReference; lastKnownFileType = sourcecode.c.h; path = MasterViewController.h; sourceTree = "<group>"; };
		8BB84EEA1C3E811B00941160 /* MasterViewController.m */ = {isa = PBXFileReference; lastKnownFileType = sourcecode.c.objc; path = MasterViewController.m; sourceTree = "<group>"; };
		8BB84EEC1C3E811B00941160 /* DetailViewController.h */ = {isa = PBXFileReference; lastKnownFileType = sourcecode.c.h; path = DetailViewController.h; sourceTree = "<group>"; };
		8BB84EED1C3E811B00941160 /* DetailViewController.m */ = {isa = PBXFileReference; lastKnownFileType = sourcecode.c.objc; path = DetailViewController.m; sourceTree = "<group>"; };
		8BB84EF01C3E811B00941160 /* Base */ = {isa = PBXFileReference; lastKnownFileType = file.storyboard; name = Base; path = Base.lproj/Main.storyboard; sourceTree = "<group>"; };
		8BB84EF21C3E811B00941160 /* Assets.xcassets */ = {isa = PBXFileReference; lastKnownFileType = folder.assetcatalog; path = Assets.xcassets; sourceTree = "<group>"; };
		8BB84EF51C3E811B00941160 /* Base */ = {isa = PBXFileReference; lastKnownFileType = file.storyboard; name = Base; path = Base.lproj/LaunchScreen.storyboard; sourceTree = "<group>"; };
		8BB84EF71C3E811B00941160 /* Info.plist */ = {isa = PBXFileReference; lastKnownFileType = text.plist.xml; path = Info.plist; sourceTree = "<group>"; };
		8BB84EFC1C3E811B00941160 /* UITableViewTestTests.xctest */ = {isa = PBXFileReference; explicitFileType = wrapper.cfbundle; includeInIndex = 0; path = UITableViewTestTests.xctest; sourceTree = BUILT_PRODUCTS_DIR; };
		8BB84F001C3E811B00941160 /* UITableViewTestTests.m */ = {isa = PBXFileReference; lastKnownFileType = sourcecode.c.objc; path = UITableViewTestTests.m; sourceTree = "<group>"; };
		8BB84F021C3E811B00941160 /* Info.plist */ = {isa = PBXFileReference; lastKnownFileType = text.plist.xml; path = Info.plist; sourceTree = "<group>"; };
		8BB84F071C3E811B00941160 /* UITableViewTestUITests.xctest */ = {isa = PBXFileReference; explicitFileType = wrapper.cfbundle; includeInIndex = 0; path = UITableViewTestUITests.xctest; sourceTree = BUILT_PRODUCTS_DIR; };
		8BB84F0B1C3E811B00941160 /* UITableViewTestUITests.m */ = {isa = PBXFileReference; lastKnownFileType = sourcecode.c.objc; path = UITableViewTestUITests.m; sourceTree = "<group>"; };
		8BB84F0D1C3E811B00941160 /* Info.plist */ = {isa = PBXFileReference; lastKnownFileType = text.plist.xml; path = Info.plist; sourceTree = "<group>"; };
/* End PBXFileReference section */

/* Begin PBXFrameworksBuildPhase section */
		8BB84EDD1C3E811B00941160 /* Frameworks */ = {
			isa = PBXFrameworksBuildPhase;
			buildActionMask = 2147483647;
			files = (
			);
			runOnlyForDeploymentPostprocessing = 0;
		};
		8BB84EF91C3E811B00941160 /* Frameworks */ = {
			isa = PBXFrameworksBuildPhase;
			buildActionMask = 2147483647;
			files = (
			);
			runOnlyForDeploymentPostprocessing = 0;
		};
		8BB84F041C3E811B00941160 /* Frameworks */ = {
			isa = PBXFrameworksBuildPhase;
			buildActionMask = 2147483647;
			files = (
			);
			runOnlyForDeploymentPostprocessing = 0;
		};
/* End PBXFrameworksBuildPhase section */

/* Begin PBXGroup section */
		8BB84ED71C3E811B00941160 = {
			isa = PBXGroup;
			children = (
				8BB84EE21C3E811B00941160 /* UITableViewTest */,
				8BB84EFF1C3E811B00941160 /* UITableViewTestTests */,
				8BB84F0A1C3E811B00941160 /* UITableViewTestUITests */,
				8BB84EE11C3E811B00941160 /* Products */,
			);
			sourceTree = "<group>";
		};
		8BB84EE11C3E811B00941160 /* Products */ = {
			isa = PBXGroup;
			children = (
				8BB84EE01C3E811B00941160 /* UITableViewTest.app */,
				8BB84EFC1C3E811B00941160 /* UITableViewTestTests.xctest */,
				8BB84F071C3E811B00941160 /* UITableViewTestUITests.xctest */,
			);
			name = Products;
			sourceTree = "<group>";
		};
		8BB84EE21C3E811B00941160 /* UITableViewTest */ = {
			isa = PBXGroup;
			children = (
				8BB84EE61C3E811B00941160 /* AppDelegate.h */,
				8BB84EE71C3E811B00941160 /* AppDelegate.m */,
				8BB84EE91C3E811B00941160 /* MasterViewController.h */,
				8BB84EEA1C3E811B00941160 /* MasterViewController.m */,
				8BB84EEC1C3E811B00941160 /* DetailViewController.h */,
				8BB84EED1C3E811B00941160 /* DetailViewController.m */,
				8BB84EEF1C3E811B00941160 /* Main.storyboard */,
				8BB84EF21C3E811B00941160 /* Assets.xcassets */,
				8BB84EF41C3E811B00941160 /* LaunchScreen.storyboard */,
				8BB84EF71C3E811B00941160 /* Info.plist */,
				8BB84EE31C3E811B00941160 /* Supporting Files */,
			);
			path = UITableViewTest;
			sourceTree = "<group>";
		};
		8BB84EE31C3E811B00941160 /* Supporting Files */ = {
			isa = PBXGroup;
			children = (
				8BB84EE41C3E811B00941160 /* main.m */,
			);
			name = "Supporting Files";
			sourceTree = "<group>";
		};
		8BB84EFF1C3E811B00941160 /* UITableViewTestTests */ = {
			isa = PBXGroup;
			children = (
				8BB84F001C3E811B00941160 /* UITableViewTestTests.m */,
				8BB84F021C3E811B00941160 /* Info.plist */,
			);
			path = UITableViewTestTests;
			sourceTree = "<group>";
		};
		8BB84F0A1C3E811B00941160 /* UITableViewTestUITests */ = {
			isa = PBXGroup;
			children = (
				8BB84F0B1C3E811B00941160 /* UITableViewTestUITests.m */,
				8BB84F0D1C3E811B00941160 /* Info.plist */,
			);
			path = UITableViewTestUITests;
			sourceTree = "<group>";
		};
/* End PBXGroup section */

/* Begin PBXNativeTarget section */
		8BB84EDF1C3E811B00941160 /* UITableViewTest */ = {
			isa = PBXNativeTarget;
			buildConfigurationList = 8BB84F101C3E811B00941160 /* Build configuration list for PBXNativeTarget "UITableViewTest" */;
			buildPhases = (
				8BB84EDC1C3E811B00941160 /* Sources */,
				8BB84EDD1C3E811B00941160 /* Frameworks */,
				8BB84EDE1C3E811B00941160 /* Resources */,
			);
			buildRules = (
			);
			dependencies = (
			);
			name = UITableViewTest;
			productName = UITableViewTest;
			productReference = 8BB84EE01C3E811B00941160 /* UITableViewTest.app */;
			productType = "com.apple.product-type.application";
		};
		8BB84EFB1C3E811B00941160 /* UITableViewTestTests */ = {
			isa = PBXNativeTarget;
			buildConfigurationList = 8BB84F131C3E811B00941160 /* Build configuration list for PBXNativeTarget "UITableViewTestTests" */;
			buildPhases = (
				8BB84EF81C3E811B00941160 /* Sources */,
				8BB84EF91C3E811B00941160 /* Frameworks */,
				8BB84EFA1C3E811B00941160 /* Resources */,
			);
			buildRules = (
			);
			dependencies = (
				8BB84EFE1C3E811B00941160 /* PBXTargetDependency */,
			);
			name = UITableViewTestTests;
			productName = UITableViewTestTests;
			productReference = 8BB84EFC1C3E811B00941160 /* UITableViewTestTests.xctest */;
			productType = "com.apple.product-type.bundle.unit-test";
		};
		8BB84F061C3E811B00941160 /* UITableViewTestUITests */ = {
			isa = PBXNativeTarget;
			buildConfigurationList = 8BB84F161C3E811B00941160 /* Build configuration list for PBXNativeTarget "UITableViewTestUITests" */;
			buildPhases = (
				8BB84F031C3E811B00941160 /* Sources */,
				8BB84F041C3E811B00941160 /* Frameworks */,
				8BB84F051C3E811B00941160 /* Resources */,
			);
			buildRules = (
			);
			dependencies = (
				8BB84F091C3E811B00941160 /* PBXTargetDependency */,
			);
			name = UITableViewTestUITests;
			productName = UITableViewTestUITests;
			productReference = 8BB84F071C3E811B00941160 /* UITableViewTestUITests.xctest */;
			productType = "com.apple.product-type.bundle.ui-testing";
		};
/* End PBXNativeTarget section */

/* Begin PBXProject section */
		8BB84ED81C3E811B00941160 /* Project object */ = {
			isa = PBXProject;
			attributes = {
				LastUpgradeCheck = 0720;
				ORGANIZATIONNAME = Neerav;
				TargetAttributes = {
					8BB84EDF1C3E811B00941160 = {
						CreatedOnToolsVersion = 7.2;
					};
					8BB84EFB1C3E811B00941160 = {
						CreatedOnToolsVersion = 7.2;
						TestTargetID = 8BB84EDF1C3E811B00941160;
					};
					8BB84F061C3E811B00941160 = {
						CreatedOnToolsVersion = 7.2;
						TestTargetID = 8BB84EDF1C3E811B00941160;
					};
				};
			};
			buildConfigurationList = 8BB84EDB1C3E811B00941160 /* Build configuration list for PBXProject "UITableViewTest" */;
			compatibilityVersion = "Xcode 3.2";
			developmentRegion = English;
			hasScannedForEncodings = 0;
			knownRegions = (
				en,
				Base,
			);
			mainGroup = 8BB84ED71C3E811B00941160;
			productRefGroup = 8BB84EE11C3E811B00941160 /* Products */;
			projectDirPath = "";
			projectRoot = "";
			targets = (
				8BB84EDF1C3E811B00941160 /* UITableViewTest */,
				8BB84EFB1C3E811B00941160 /* UITableViewTestTests */,
				8BB84F061C3E811B00941160 /* UITableViewTestUITests */,
			);
		};
/* End PBXProject section */

/* Begin PBXResourcesBuildPhase section */
		8BB84EDE1C3E811B00941160 /* Resources */ = {
			isa = PBXResourcesBuildPhase;
			buildActionMask = 2147483647;
			files = (
				8BB84EF61C3E811B00941160 /* LaunchScreen.storyboard in Resources */,
				8BB84EF31C3E811B00941160 /* Assets.xcassets in Resources */,
				8BB84EF11C3E811B00941160 /* Main.storyboard in Resources */,
			);
			runOnlyForDeploymentPostprocessing = 0;
		};
		8BB84EFA1C3E811B00941160 /* Resources */ = {
			isa = PBXResourcesBuildPhase;
			buildActionMask = 2147483647;
			files = (
			);
			runOnlyForDeploymentPostprocessing = 0;
		};
		8BB84F051C3E811B00941160 /* Resources */ = {
			isa = PBXResourcesBuildPhase;
			buildActionMask = 2147483647;
			files = (
			);
			runOnlyForDeploymentPostprocessing = 0;
		};
/* End PBXResourcesBuildPhase section */

/* Begin PBXSourcesBuildPhase section */
		8BB84EDC1C3E811B00941160 /* Sources */ = {
			isa = PBXSourcesBuildPhase;
			buildActionMask = 2147483647;
			files = (
				8BB84EE81C3E811B00941160 /* AppDelegate.m in Sources */,
				8BB84EEB1C3E811B00941160 /* MasterViewController.m in Sources */,
				8BB84EE51C3E811B00941160 /* main.m in Sources */,
				8BB84EEE1C3E811B00941160 /* DetailViewController.m in Sources */,
			);
			runOnlyForDeploymentPostprocessing = 0;
		};
		8BB84EF81C3E811B00941160 /* Sources */ = {
			isa = PBXSourcesBuildPhase;
			buildActionMask = 2147483647;
			files = (
				8BB84F011C3E811B00941160 /* UITableViewTestTests.m in Sources */,
			);
			runOnlyForDeploymentPostprocessing = 0;
		};
		8BB84F031C3E811B00941160 /* Sources */ = {
			isa = PBXSourcesBuildPhase;
			buildActionMask = 2147483647;
			files = (
				8BB84F0C1C3E811B00941160 /* UITableViewTestUITests.m in Sources */,
			);
			runOnlyForDeploymentPostprocessing = 0;
		};
/* End PBXSourcesBuildPhase section */

/* Begin PBXTargetDependency section */
		8BB84EFE1C3E811B00941160 /* PBXTargetDependency */ = {
			isa = PBXTargetDependency;
			target = 8BB84EDF1C3E811B00941160 /* UITableViewTest */;
			targetProxy = 8BB84EFD1C3E811B00941160 /* PBXContainerItemProxy */;
		};
		8BB84F091C3E811B00941160 /* PBXTargetDependency */ = {
			isa = PBXTargetDependency;
			target = 8BB84EDF1C3E811B00941160 /* UITableViewTest */;
			targetProxy = 8BB84F081C3E811B00941160 /* PBXContainerItemProxy */;
		};
/* End PBXTargetDependency section */

/* Begin PBXVariantGroup section */
		8BB84EEF1C3E811B00941160 /* Main.storyboard */ = {
			isa = PBXVariantGroup;
			children = (
				8BB84EF01C3E811B00941160 /* Base */,
			);
			name = Main.storyboard;
			sourceTree = "<group>";
		};
		8BB84EF41C3E811B00941160 /* LaunchScreen.storyboard */ = {
			isa = PBXVariantGroup;
			children = (
				8BB84EF51C3E811B00941160 /* Base */,
			);
			name = LaunchScreen.storyboard;
			sourceTree = "<group>";
		};
/* End PBXVariantGroup section */

/* Begin XCBuildConfiguration section */
		8BB84F0E1C3E811B00941160 /* Debug */ = {
			isa = XCBuildConfiguration;
			buildSettings = {
				ALWAYS_SEARCH_USER_PATHS = NO;
				CLANG_CXX_LANGUAGE_STANDARD = "gnu++0x";
				CLANG_CXX_LIBRARY = "libc++";
				CLANG_ENABLE_MODULES = YES;
				CLANG_ENABLE_OBJC_ARC = YES;
				CLANG_WARN_BOOL_CONVERSION = YES;
				CLANG_WARN_CONSTANT_CONVERSION = YES;
				CLANG_WARN_DIRECT_OBJC_ISA_USAGE = YES_ERROR;
				CLANG_WARN_EMPTY_BODY = YES;
				CLANG_WARN_ENUM_CONVERSION = YES;
				CLANG_WARN_INT_CONVERSION = YES;
				CLANG_WARN_OBJC_ROOT_CLASS = YES_ERROR;
				CLANG_WARN_UNREACHABLE_CODE = YES;
				CLANG_WARN__DUPLICATE_METHOD_MATCH = YES;
				"CODE_SIGN_IDENTITY[sdk=iphoneos*]" = "iPhone Developer";
				COPY_PHASE_STRIP = NO;
				DEBUG_INFORMATION_FORMAT = dwarf;
				ENABLE_STRICT_OBJC_MSGSEND = YES;
				ENABLE_TESTABILITY = YES;
				GCC_C_LANGUAGE_STANDARD = gnu99;
				GCC_DYNAMIC_NO_PIC = NO;
				GCC_NO_COMMON_BLOCKS = YES;
				GCC_OPTIMIZATION_LEVEL = 0;
				GCC_PREPROCESSOR_DEFINITIONS = (
					"DEBUG=1",
					"$(inherited)",
				);
				GCC_WARN_64_TO_32_BIT_CONVERSION = YES;
				GCC_WARN_ABOUT_RETURN_TYPE = YES_ERROR;
				GCC_WARN_UNDECLARED_SELECTOR = YES;
				GCC_WARN_UNINITIALIZED_AUTOS = YES_AGGRESSIVE;
				GCC_WARN_UNUSED_FUNCTION = YES;
				GCC_WARN_UNUSED_VARIABLE = YES;
				IPHONEOS_DEPLOYMENT_TARGET = 9.2;
				MTL_ENABLE_DEBUG_INFO = YES;
				ONLY_ACTIVE_ARCH = YES;
				SDKROOT = iphoneos;
			};
			name = Debug;
		};
		8BB84F0F1C3E811B00941160 /* Release */ = {
			isa = XCBuildConfiguration;
			buildSettings = {
				ALWAYS_SEARCH_USER_PATHS = NO;
				CLANG_CXX_LANGUAGE_STANDARD = "gnu++0x";
				CLANG_CXX_LIBRARY = "libc++";
				CLANG_ENABLE_MODULES = YES;
				CLANG_ENABLE_OBJC_ARC = YES;
				CLANG_WARN_BOOL_CONVERSION = YES;
				CLANG_WARN_CONSTANT_CONVERSION = YES;
				CLANG_WARN_DIRECT_OBJC_ISA_USAGE = YES_ERROR;
				CLANG_WARN_EMPTY_BODY = YES;
				CLANG_WARN_ENUM_CONVERSION = YES;
				CLANG_WARN_INT_CONVERSION = YES;
				CLANG_WARN_OBJC_ROOT_CLASS = YES_ERROR;
				CLANG_WARN_UNREACHABLE_CODE = YES;
				CLANG_WARN__DUPLICATE_METHOD_MATCH = YES;
				"CODE_SIGN_IDENTITY[sdk=iphoneos*]" = "iPhone Developer";
				COPY_PHASE_STRIP = NO;
				DEBUG_INFORMATION_FORMAT = "dwarf-with-dsym";
				ENABLE_NS_ASSERTIONS = NO;
				ENABLE_STRICT_OBJC_MSGSEND = YES;
				GCC_C_LANGUAGE_STANDARD = gnu99;
				GCC_NO_COMMON_BLOCKS = YES;
				GCC_WARN_64_TO_32_BIT_CONVERSION = YES;
				GCC_WARN_ABOUT_RETURN_TYPE = YES_ERROR;
				GCC_WARN_UNDECLARED_SELECTOR = YES;
				GCC_WARN_UNINITIALIZED_AUTOS = YES_AGGRESSIVE;
				GCC_WARN_UNUSED_FUNCTION = YES;
				GCC_WARN_UNUSED_VARIABLE = YES;
				IPHONEOS_DEPLOYMENT_TARGET = 9.2;
				MTL_ENABLE_DEBUG_INFO = NO;
				SDKROOT = iphoneos;
				VALIDATE_PRODUCT = YES;
			};
			name = Release;
		};
		8BB84F111C3E811B00941160 /* Debug */ = {
			isa = XCBuildConfiguration;
			buildSettings = {
				ASSETCATALOG_COMPILER_APPICON_NAME = AppIcon;
				INFOPLIST_FILE = UITableViewTest/Info.plist;
				LD_RUNPATH_SEARCH_PATHS = "$(inherited) @executable_path/Frameworks";
				PRODUCT_BUNDLE_IDENTIFIER = com.neerav.chatdemo.UITableViewTest;
				PRODUCT_NAME = "$(TARGET_NAME)";
			};
			name = Debug;
		};
		8BB84F121C3E811B00941160 /* Release */ = {
			isa = XCBuildConfiguration;
			buildSettings = {
				ASSETCATALOG_COMPILER_APPICON_NAME = AppIcon;
				INFOPLIST_FILE = UITableViewTest/Info.plist;
				LD_RUNPATH_SEARCH_PATHS = "$(inherited) @executable_path/Frameworks";
				PRODUCT_BUNDLE_IDENTIFIER = com.neerav.chatdemo.UITableViewTest;
				PRODUCT_NAME = "$(TARGET_NAME)";
			};
			name = Release;
		};
		8BB84F141C3E811B00941160 /* Debug */ = {
			isa = XCBuildConfiguration;
			buildSettings = {
				BUNDLE_LOADER = "$(TEST_HOST)";
				INFOPLIST_FILE = UITableViewTestTests/Info.plist;
				LD_RUNPATH_SEARCH_PATHS = "$(inherited) @executable_path/Frameworks @loader_path/Frameworks";
				PRODUCT_BUNDLE_IDENTIFIER = com.neerav.chatdemo.UITableViewTestTests;
				PRODUCT_NAME = "$(TARGET_NAME)";
				TEST_HOST = "$(BUILT_PRODUCTS_DIR)/UITableViewTest.app/UITableViewTest";
			};
			name = Debug;
		};
		8BB84F151C3E811B00941160 /* Release */ = {
			isa = XCBuildConfiguration;
			buildSettings = {
				BUNDLE_LOADER = "$(TEST_HOST)";
				INFOPLIST_FILE = UITableViewTestTests/Info.plist;
				LD_RUNPATH_SEARCH_PATHS = "$(inherited) @executable_path/Frameworks @loader_path/Frameworks";
				PRODUCT_BUNDLE_IDENTIFIER = com.neerav.chatdemo.UITableViewTestTests;
				PRODUCT_NAME = "$(TARGET_NAME)";
				TEST_HOST = "$(BUILT_PRODUCTS_DIR)/UITableViewTest.app/UITableViewTest";
			};
			name = Release;
		};
		8BB84F171C3E811B00941160 /* Debug */ = {
			isa = XCBuildConfiguration;
			buildSettings = {
				INFOPLIST_FILE = UITableViewTestUITests/Info.plist;
				LD_RUNPATH_SEARCH_PATHS = "$(inherited) @executable_path/Frameworks @loader_path/Frameworks";
				PRODUCT_BUNDLE_IDENTIFIER = com.neerav.chatdemo.UITableViewTestUITests;
				PRODUCT_NAME = "$(TARGET_NAME)";
				TEST_TARGET_NAME = UITableViewTest;
				USES_XCTRUNNER = YES;
			};
			name = Debug;
		};
		8BB84F181C3E811B00941160 /* Release */ = {
			isa = XCBuildConfiguration;
			buildSettings = {
				INFOPLIST_FILE = UITableViewTestUITests/Info.plist;
				LD_RUNPATH_SEARCH_PATHS = "$(inherited) @executable_path/Frameworks @loader_path/Frameworks";
				PRODUCT_BUNDLE_IDENTIFIER = com.neerav.chatdemo.UITableViewTestUITests;
				PRODUCT_NAME = "$(TARGET_NAME)";
				TEST_TARGET_NAME = UITableViewTest;
				USES_XCTRUNNER = YES;
			};
			name = Release;
		};
/* End XCBuildConfiguration section */

/* Begin XCConfigurationList section */
		8BB84EDB1C3E811B00941160 /* Build configuration list for PBXProject "UITableViewTest" */ = {
			isa = XCConfigurationList;
			buildConfigurations = (
				8BB84F0E1C3E811B00941160 /* Debug */,
				8BB84F0F1C3E811B00941160 /* Release */,
			);
			defaultConfigurationIsVisible = 0;
			defaultConfigurationName = Release;
		};
		8BB84F101C3E811B00941160 /* Build configuration list for PBXNativeTarget "UITableViewTest" */ = {
			isa = XCConfigurationList;
			buildConfigurations = (
				8BB84F111C3E811B00941160 /* Debug */,
				8BB84F121C3E811B00941160 /* Release */,
			);
			defaultConfigurationIsVisible = 0;
		};
		8BB84F131C3E811B00941160 /* Build configuration list for PBXNativeTarget "UITableViewTestTests" */ = {
			isa = XCConfigurationList;
			buildConfigurations = (
				8BB84F141C3E811B00941160 /* Debug */,
				8BB84F151C3E811B00941160 /* Release */,
			);
			defaultConfigurationIsVisible = 0;
		};
		8BB84F161C3E811B00941160 /* Build configuration list for PBXNativeTarget "UITableViewTestUITests" */ = {
			isa = XCConfigurationList;
			buildConfigurations = (
				8BB84F171C3E811B00941160 /* Debug */,
				8BB84F181C3E811B00941160 /* Release */,
			);
			defaultConfigurationIsVisible = 0;
		};
/* End XCConfigurationList section */
	};
	rootObject = 8BB84ED81C3E811B00941160 /* Project object */;
}
