// !$*UTF8*$!
{
	archiveVersion = 1;
	classes = {
	};
	objectVersion = 46;
	objects = {

/* Begin PBXBuildFile section */
		8BEA8C4419C06EB3006D0FE1 /* Foundation.framework in Frameworks */ = {isa = PBXBuildFile; fileRef = 8BEA8C4319C06EB3006D0FE1 /* Foundation.framework */; };
		8BEA8C4619C06EB3006D0FE1 /* CoreGraphics.framework in Frameworks */ = {isa = PBXBuildFile; fileRef = 8BEA8C4519C06EB3006D0FE1 /* CoreGraphics.framework */; };
		8BEA8C4819C06EB3006D0FE1 /* UIKit.framework in Frameworks */ = {isa = PBXBuildFile; fileRef = 8BEA8C4719C06EB3006D0FE1 /* UIKit.framework */; };
		8BEA8C4E19C06EB3006D0FE1 /* InfoPlist.strings in Resources */ = {isa = PBXBuildFile; fileRef = 8BEA8C4C19C06EB3006D0FE1 /* InfoPlist.strings */; };
		8BEA8C5019C06EB3006D0FE1 /* main.m in Sources */ = {isa = PBXBuildFile; fileRef = 8BEA8C4F19C06EB3006D0FE1 /* main.m */; };
		8BEA8C5419C06EB3006D0FE1 /* VAAppDelegate.m in Sources */ = {isa = PBXBuildFile; fileRef = 8BEA8C5319C06EB3006D0FE1 /* VAAppDelegate.m */; };
		8BEA8C5719C06EB3006D0FE1 /* Main.storyboard in Resources */ = {isa = PBXBuildFile; fileRef = 8BEA8C5519C06EB3006D0FE1 /* Main.storyboard */; };
		8BEA8C5A19C06EB3006D0FE1 /* VAViewController.m in Sources */ = {isa = PBXBuildFile; fileRef = 8BEA8C5919C06EB3006D0FE1 /* VAViewController.m */; };
		8BEA8C5C19C06EB3006D0FE1 /* Images.xcassets in Resources */ = {isa = PBXBuildFile; fileRef = 8BEA8C5B19C06EB3006D0FE1 /* Images.xcassets */; };
		8BEA8C6319C06EB3006D0FE1 /* XCTest.framework in Frameworks */ = {isa = PBXBuildFile; fileRef = 8BEA8C6219C06EB3006D0FE1 /* XCTest.framework */; };
		8BEA8C6419C06EB3006D0FE1 /* Foundation.framework in Frameworks */ = {isa = PBXBuildFile; fileRef = 8BEA8C4319C06EB3006D0FE1 /* Foundation.framework */; };
		8BEA8C6519C06EB4006D0FE1 /* UIKit.framework in Frameworks */ = {isa = PBXBuildFile; fileRef = 8BEA8C4719C06EB3006D0FE1 /* UIKit.framework */; };
		8BEA8C6D19C06EB4006D0FE1 /* InfoPlist.strings in Resources */ = {isa = PBXBuildFile; fileRef = 8BEA8C6B19C06EB4006D0FE1 /* InfoPlist.strings */; };
		8BEA8C6F19C06EB4006D0FE1 /* ViewAnimationsTestTests.m in Sources */ = {isa = PBXBuildFile; fileRef = 8BEA8C6E19C06EB4006D0FE1 /* ViewAnimationsTestTests.m */; };
/* End PBXBuildFile section */

/* Begin PBXContainerItemProxy section */
		8BEA8C6619C06EB4006D0FE1 /* PBXContainerItemProxy */ = {
			isa = PBXContainerItemProxy;
			containerPortal = 8BEA8C3819C06EB3006D0FE1 /* Project object */;
			proxyType = 1;
			remoteGlobalIDString = 8BEA8C3F19C06EB3006D0FE1;
			remoteInfo = ViewAnimationsTest;
		};
/* End PBXContainerItemProxy section */

/* Begin PBXFileReference section */
		8BEA8C4019C06EB3006D0FE1 /* ViewAnimationsTest.app */ = {isa = PBXFileReference; explicitFileType = wrapper.application; includeInIndex = 0; path = ViewAnimationsTest.app; sourceTree = BUILT_PRODUCTS_DIR; };
		8BEA8C4319C06EB3006D0FE1 /* Foundation.framework */ = {isa = PBXFileReference; lastKnownFileType = wrapper.framework; name = Foundation.framework; path = System/Library/Frameworks/Foundation.framework; sourceTree = SDKROOT; };
		8BEA8C4519C06EB3006D0FE1 /* CoreGraphics.framework */ = {isa = PBXFileReference; lastKnownFileType = wrapper.framework; name = CoreGraphics.framework; path = System/Library/Frameworks/CoreGraphics.framework; sourceTree = SDKROOT; };
		8BEA8C4719C06EB3006D0FE1 /* UIKit.framework */ = {isa = PBXFileReference; lastKnownFileType = wrapper.framework; name = UIKit.framework; path = System/Library/Frameworks/UIKit.framework; sourceTree = SDKROOT; };
		8BEA8C4B19C06EB3006D0FE1 /* ViewAnimationsTest-Info.plist */ = {isa = PBXFileReference; lastKnownFileType = text.plist.xml; path = "ViewAnimationsTest-Info.plist"; sourceTree = "<group>"; };
		8BEA8C4D19C06EB3006D0FE1 /* en */ = {isa = PBXFileReference; lastKnownFileType = text.plist.strings; name = en; path = en.lproj/InfoPlist.strings; sourceTree = "<group>"; };
		8BEA8C4F19C06EB3006D0FE1 /* main.m */ = {isa = PBXFileReference; lastKnownFileType = sourcecode.c.objc; path = main.m; sourceTree = "<group>"; };
		8BEA8C5119C06EB3006D0FE1 /* ViewAnimationsTest-Prefix.pch */ = {isa = PBXFileReference; lastKnownFileType = sourcecode.c.h; path = "ViewAnimationsTest-Prefix.pch"; sourceTree = "<group>"; };
		8BEA8C5219C06EB3006D0FE1 /* VAAppDelegate.h */ = {isa = PBXFileReference; lastKnownFileType = sourcecode.c.h; path = VAAppDelegate.h; sourceTree = "<group>"; };
		8BEA8C5319C06EB3006D0FE1 /* VAAppDelegate.m */ = {isa = PBXFileReference; lastKnownFileType = sourcecode.c.objc; path = VAAppDelegate.m; sourceTree = "<group>"; };
		8BEA8C5619C06EB3006D0FE1 /* Base */ = {isa = PBXFileReference; lastKnownFileType = file.storyboard; name = Base; path = Base.lproj/Main.storyboard; sourceTree = "<group>"; };
		8BEA8C5819C06EB3006D0FE1 /* VAViewController.h */ = {isa = PBXFileReference; lastKnownFileType = sourcecode.c.h; path = VAViewController.h; sourceTree = "<group>"; };
		8BEA8C5919C06EB3006D0FE1 /* VAViewController.m */ = {isa = PBXFileReference; lastKnownFileType = sourcecode.c.objc; path = VAViewController.m; sourceTree = "<group>"; };
		8BEA8C5B19C06EB3006D0FE1 /* Images.xcassets */ = {isa = PBXFileReference; lastKnownFileType = folder.assetcatalog; path = Images.xcassets; sourceTree = "<group>"; };
		8BEA8C6119C06EB3006D0FE1 /* ViewAnimationsTestTests.xctest */ = {isa = PBXFileReference; explicitFileType = wrapper.cfbundle; includeInIndex = 0; path = ViewAnimationsTestTests.xctest; sourceTree = BUILT_PRODUCTS_DIR; };
		8BEA8C6219C06EB3006D0FE1 /* XCTest.framework */ = {isa = PBXFileReference; lastKnownFileType = wrapper.framework; name = XCTest.framework; path = Library/Frameworks/XCTest.framework; sourceTree = DEVELOPER_DIR; };
		8BEA8C6A19C06EB4006D0FE1 /* ViewAnimationsTestTests-Info.plist */ = {isa = PBXFileReference; lastKnownFileType = text.plist.xml; path = "ViewAnimationsTestTests-Info.plist"; sourceTree = "<group>"; };
		8BEA8C6C19C06EB4006D0FE1 /* en */ = {isa = PBXFileReference; lastKnownFileType = text.plist.strings; name = en; path = en.lproj/InfoPlist.strings; sourceTree = "<group>"; };
		8BEA8C6E19C06EB4006D0FE1 /* ViewAnimationsTestTests.m */ = {isa = PBXFileReference; lastKnownFileType = sourcecode.c.objc; path = ViewAnimationsTestTests.m; sourceTree = "<group>"; };
/* End PBXFileReference section */

/* Begin PBXFrameworksBuildPhase section */
		8BEA8C3D19C06EB3006D0FE1 /* Frameworks */ = {
			isa = PBXFrameworksBuildPhase;
			buildActionMask = 2147483647;
			files = (
				8BEA8C4619C06EB3006D0FE1 /* CoreGraphics.framework in Frameworks */,
				8BEA8C4819C06EB3006D0FE1 /* UIKit.framework in Frameworks */,
				8BEA8C4419C06EB3006D0FE1 /* Foundation.framework in Frameworks */,
			);
			runOnlyForDeploymentPostprocessing = 0;
		};
		8BEA8C5E19C06EB3006D0FE1 /* Frameworks */ = {
			isa = PBXFrameworksBuildPhase;
			buildActionMask = 2147483647;
			files = (
				8BEA8C6319C06EB3006D0FE1 /* XCTest.framework in Frameworks */,
				8BEA8C6519C06EB4006D0FE1 /* UIKit.framework in Frameworks */,
				8BEA8C6419C06EB3006D0FE1 /* Foundation.framework in Frameworks */,
			);
			runOnlyForDeploymentPostprocessing = 0;
		};
/* End PBXFrameworksBuildPhase section */

/* Begin PBXGroup section */
		8BEA8C3719C06EB3006D0FE1 = {
			isa = PBXGroup;
			children = (
				8BEA8C4919C06EB3006D0FE1 /* ViewAnimationsTest */,
				8BEA8C6819C06EB4006D0FE1 /* ViewAnimationsTestTests */,
				8BEA8C4219C06EB3006D0FE1 /* Frameworks */,
				8BEA8C4119C06EB3006D0FE1 /* Products */,
			);
			sourceTree = "<group>";
		};
		8BEA8C4119C06EB3006D0FE1 /* Products */ = {
			isa = PBXGroup;
			children = (
				8BEA8C4019C06EB3006D0FE1 /* ViewAnimationsTest.app */,
				8BEA8C6119C06EB3006D0FE1 /* ViewAnimationsTestTests.xctest */,
			);
			name = Products;
			sourceTree = "<group>";
		};
		8BEA8C4219C06EB3006D0FE1 /* Frameworks */ = {
			isa = PBXGroup;
			children = (
				8BEA8C4319C06EB3006D0FE1 /* Foundation.framework */,
				8BEA8C4519C06EB3006D0FE1 /* CoreGraphics.framework */,
				8BEA8C4719C06EB3006D0FE1 /* UIKit.framework */,
				8BEA8C6219C06EB3006D0FE1 /* XCTest.framework */,
			);
			name = Frameworks;
			sourceTree = "<group>";
		};
		8BEA8C4919C06EB3006D0FE1 /* ViewAnimationsTest */ = {
			isa = PBXGroup;
			children = (
				8BEA8C5219C06EB3006D0FE1 /* VAAppDelegate.h */,
				8BEA8C5319C06EB3006D0FE1 /* VAAppDelegate.m */,
				8BEA8C5519C06EB3006D0FE1 /* Main.storyboard */,
				8BEA8C5819C06EB3006D0FE1 /* VAViewController.h */,
				8BEA8C5919C06EB3006D0FE1 /* VAViewController.m */,
				8BEA8C5B19C06EB3006D0FE1 /* Images.xcassets */,
				8BEA8C4A19C06EB3006D0FE1 /* Supporting Files */,
			);
			path = ViewAnimationsTest;
			sourceTree = "<group>";
		};
		8BEA8C4A19C06EB3006D0FE1 /* Supporting Files */ = {
			isa = PBXGroup;
			children = (
				8BEA8C4B19C06EB3006D0FE1 /* ViewAnimationsTest-Info.plist */,
				8BEA8C4C19C06EB3006D0FE1 /* InfoPlist.strings */,
				8BEA8C4F19C06EB3006D0FE1 /* main.m */,
				8BEA8C5119C06EB3006D0FE1 /* ViewAnimationsTest-Prefix.pch */,
			);
			name = "Supporting Files";
			sourceTree = "<group>";
		};
		8BEA8C6819C06EB4006D0FE1 /* ViewAnimationsTestTests */ = {
			isa = PBXGroup;
			children = (
				8BEA8C6E19C06EB4006D0FE1 /* ViewAnimationsTestTests.m */,
				8BEA8C6919C06EB4006D0FE1 /* Supporting Files */,
			);
			path = ViewAnimationsTestTests;
			sourceTree = "<group>";
		};
		8BEA8C6919C06EB4006D0FE1 /* Supporting Files */ = {
			isa = PBXGroup;
			children = (
				8BEA8C6A19C06EB4006D0FE1 /* ViewAnimationsTestTests-Info.plist */,
				8BEA8C6B19C06EB4006D0FE1 /* InfoPlist.strings */,
			);
			name = "Supporting Files";
			sourceTree = "<group>";
		};
/* End PBXGroup section */

/* Begin PBXNativeTarget section */
		8BEA8C3F19C06EB3006D0FE1 /* ViewAnimationsTest */ = {
			isa = PBXNativeTarget;
			buildConfigurationList = 8BEA8C7219C06EB4006D0FE1 /* Build configuration list for PBXNativeTarget "ViewAnimationsTest" */;
			buildPhases = (
				8BEA8C3C19C06EB3006D0FE1 /* Sources */,
				8BEA8C3D19C06EB3006D0FE1 /* Frameworks */,
				8BEA8C3E19C06EB3006D0FE1 /* Resources */,
			);
			buildRules = (
			);
			dependencies = (
			);
			name = ViewAnimationsTest;
			productName = ViewAnimationsTest;
			productReference = 8BEA8C4019C06EB3006D0FE1 /* ViewAnimationsTest.app */;
			productType = "com.apple.product-type.application";
		};
		8BEA8C6019C06EB3006D0FE1 /* ViewAnimationsTestTests */ = {
			isa = PBXNativeTarget;
			buildConfigurationList = 8BEA8C7519C06EB4006D0FE1 /* Build configuration list for PBXNativeTarget "ViewAnimationsTestTests" */;
			buildPhases = (
				8BEA8C5D19C06EB3006D0FE1 /* Sources */,
				8BEA8C5E19C06EB3006D0FE1 /* Frameworks */,
				8BEA8C5F19C06EB3006D0FE1 /* Resources */,
			);
			buildRules = (
			);
			dependencies = (
				8BEA8C6719C06EB4006D0FE1 /* PBXTargetDependency */,
			);
			name = ViewAnimationsTestTests;
			productName = ViewAnimationsTestTests;
			productReference = 8BEA8C6119C06EB3006D0FE1 /* ViewAnimationsTestTests.xctest */;
			productType = "com.apple.product-type.bundle.unit-test";
		};
/* End PBXNativeTarget section */

/* Begin PBXProject section */
		8BEA8C3819C06EB3006D0FE1 /* Project object */ = {
			isa = PBXProject;
			attributes = {
				CLASSPREFIX = VA;
				LastUpgradeCheck = 0510;
				ORGANIZATIONNAME = rptwsthi;
				TargetAttributes = {
					8BEA8C6019C06EB3006D0FE1 = {
						TestTargetID = 8BEA8C3F19C06EB3006D0FE1;
					};
				};
			};
			buildConfigurationList = 8BEA8C3B19C06EB3006D0FE1 /* Build configuration list for PBXProject "ViewAnimationsTest" */;
			compatibilityVersion = "Xcode 3.2";
			developmentRegion = English;
			hasScannedForEncodings = 0;
			knownRegions = (
				en,
				Base,
			);
			mainGroup = 8BEA8C3719C06EB3006D0FE1;
			productRefGroup = 8BEA8C4119C06EB3006D0FE1 /* Products */;
			projectDirPath = "";
			projectRoot = "";
			targets = (
				8BEA8C3F19C06EB3006D0FE1 /* ViewAnimationsTest */,
				8BEA8C6019C06EB3006D0FE1 /* ViewAnimationsTestTests */,
			);
		};
/* End PBXProject section */

/* Begin PBXResourcesBuildPhase section */
		8BEA8C3E19C06EB3006D0FE1 /* Resources */ = {
			isa = PBXResourcesBuildPhase;
			buildActionMask = 2147483647;
			files = (
				8BEA8C5C19C06EB3006D0FE1 /* Images.xcassets in Resources */,
				8BEA8C4E19C06EB3006D0FE1 /* InfoPlist.strings in Resources */,
				8BEA8C5719C06EB3006D0FE1 /* Main.storyboard in Resources */,
			);
			runOnlyForDeploymentPostprocessing = 0;
		};
		8BEA8C5F19C06EB3006D0FE1 /* Resources */ = {
			isa = PBXResourcesBuildPhase;
			buildActionMask = 2147483647;
			files = (
				8BEA8C6D19C06EB4006D0FE1 /* InfoPlist.strings in Resources */,
			);
			runOnlyForDeploymentPostprocessing = 0;
		};
/* End PBXResourcesBuildPhase section */

/* Begin PBXSourcesBuildPhase section */
		8BEA8C3C19C06EB3006D0FE1 /* Sources */ = {
			isa = PBXSourcesBuildPhase;
			buildActionMask = 2147483647;
			files = (
				8BEA8C5019C06EB3006D0FE1 /* main.m in Sources */,
				8BEA8C5A19C06EB3006D0FE1 /* VAViewController.m in Sources */,
				8BEA8C5419C06EB3006D0FE1 /* VAAppDelegate.m in Sources */,
			);
			runOnlyForDeploymentPostprocessing = 0;
		};
		8BEA8C5D19C06EB3006D0FE1 /* Sources */ = {
			isa = PBXSourcesBuildPhase;
			buildActionMask = 2147483647;
			files = (
				8BEA8C6F19C06EB4006D0FE1 /* ViewAnimationsTestTests.m in Sources */,
			);
			runOnlyForDeploymentPostprocessing = 0;
		};
/* End PBXSourcesBuildPhase section */

/* Begin PBXTargetDependency section */
		8BEA8C6719C06EB4006D0FE1 /* PBXTargetDependency */ = {
			isa = PBXTargetDependency;
			target = 8BEA8C3F19C06EB3006D0FE1 /* ViewAnimationsTest */;
			targetProxy = 8BEA8C6619C06EB4006D0FE1 /* PBXContainerItemProxy */;
		};
/* End PBXTargetDependency section */

/* Begin PBXVariantGroup section */
		8BEA8C4C19C06EB3006D0FE1 /* InfoPlist.strings */ = {
			isa = PBXVariantGroup;
			children = (
				8BEA8C4D19C06EB3006D0FE1 /* en */,
			);
			name = InfoPlist.strings;
			sourceTree = "<group>";
		};
		8BEA8C5519C06EB3006D0FE1 /* Main.storyboard */ = {
			isa = PBXVariantGroup;
			children = (
				8BEA8C5619C06EB3006D0FE1 /* Base */,
			);
			name = Main.storyboard;
			sourceTree = "<group>";
		};
		8BEA8C6B19C06EB4006D0FE1 /* InfoPlist.strings */ = {
			isa = PBXVariantGroup;
			children = (
				8BEA8C6C19C06EB4006D0FE1 /* en */,
			);
			name = InfoPlist.strings;
			sourceTree = "<group>";
		};
/* End PBXVariantGroup section */

/* Begin XCBuildConfiguration section */
		8BEA8C7019C06EB4006D0FE1 /* Debug */ = {
			isa = XCBuildConfiguration;
			buildSettings = {
				ALWAYS_SEARCH_USER_PATHS = NO;
				CLANG_CXX_LANGUAGE_STANDARD = "gnu++0x";
				CLANG_CXX_LIBRARY = "libc++";
				CLANG_ENABLE_MODULES = YES;
				CLANG_ENABLE_OBJC_ARC = YES;
				CLANG_WARN_BOOL_CONVERSION = YES;
				CLANG_WARN_CONSTANT_CONVERSION = YES;
				CLANG_WARN_DIRECT_OBJC_ISA_USAGE = YES_ERROR;
				CLANG_WARN_EMPTY_BODY = YES;
				CLANG_WARN_ENUM_CONVERSION = YES;
				CLANG_WARN_INT_CONVERSION = YES;
				CLANG_WARN_OBJC_ROOT_CLASS = YES_ERROR;
				CLANG_WARN__DUPLICATE_METHOD_MATCH = YES;
				"CODE_SIGN_IDENTITY[sdk=iphoneos*]" = "iPhone Developer";
				COPY_PHASE_STRIP = NO;
				GCC_C_LANGUAGE_STANDARD = gnu99;
				GCC_DYNAMIC_NO_PIC = NO;
				GCC_OPTIMIZATION_LEVEL = 0;
				GCC_PREPROCESSOR_DEFINITIONS = (
					"DEBUG=1",
					"$(inherited)",
				);
				GCC_SYMBOLS_PRIVATE_EXTERN = NO;
				GCC_WARN_64_TO_32_BIT_CONVERSION = YES;
				GCC_WARN_ABOUT_RETURN_TYPE = YES_ERROR;
				GCC_WARN_UNDECLARED_SELECTOR = YES;
				GCC_WARN_UNINITIALIZED_AUTOS = YES_AGGRESSIVE;
				GCC_WARN_UNUSED_FUNCTION = YES;
				GCC_WARN_UNUSED_VARIABLE = YES;
				IPHONEOS_DEPLOYMENT_TARGET = 7.1;
				ONLY_ACTIVE_ARCH = YES;
				SDKROOT = iphoneos;
			};
			name = Debug;
		};
		8BEA8C7119C06EB4006D0FE1 /* Release */ = {
			isa = XCBuildConfiguration;
			buildSettings = {
				ALWAYS_SEARCH_USER_PATHS = NO;
				CLANG_CXX_LANGUAGE_STANDARD = "gnu++0x";
				CLANG_CXX_LIBRARY = "libc++";
				CLANG_ENABLE_MODULES = YES;
				CLANG_ENABLE_OBJC_ARC = YES;
				CLANG_WARN_BOOL_CONVERSION = YES;
				CLANG_WARN_CONSTANT_CONVERSION = YES;
				CLANG_WARN_DIRECT_OBJC_ISA_USAGE = YES_ERROR;
				CLANG_WARN_EMPTY_BODY = YES;
				CLANG_WARN_ENUM_CONVERSION = YES;
				CLANG_WARN_INT_CONVERSION = YES;
				CLANG_WARN_OBJC_ROOT_CLASS = YES_ERROR;
				CLANG_WARN__DUPLICATE_METHOD_MATCH = YES;
				"CODE_SIGN_IDENTITY[sdk=iphoneos*]" = "iPhone Developer";
				COPY_PHASE_STRIP = YES;
				ENABLE_NS_ASSERTIONS = NO;
				GCC_C_LANGUAGE_STANDARD = gnu99;
				GCC_WARN_64_TO_32_BIT_CONVERSION = YES;
				GCC_WARN_ABOUT_RETURN_TYPE = YES_ERROR;
				GCC_WARN_UNDECLARED_SELECTOR = YES;
				GCC_WARN_UNINITIALIZED_AUTOS = YES_AGGRESSIVE;
				GCC_WARN_UNUSED_FUNCTION = YES;
				GCC_WARN_UNUSED_VARIABLE = YES;
				IPHONEOS_DEPLOYMENT_TARGET = 7.1;
				SDKROOT = iphoneos;
				VALIDATE_PRODUCT = YES;
			};
			name = Release;
		};
		8BEA8C7319C06EB4006D0FE1 /* Debug */ = {
			isa = XCBuildConfiguration;
			buildSettings = {
				ASSETCATALOG_COMPILER_APPICON_NAME = AppIcon;
				ASSETCATALOG_COMPILER_LAUNCHIMAGE_NAME = LaunchImage;
				GCC_PRECOMPILE_PREFIX_HEADER = YES;
				GCC_PREFIX_HEADER = "ViewAnimationsTest/ViewAnimationsTest-Prefix.pch";
				INFOPLIST_FILE = "ViewAnimationsTest/ViewAnimationsTest-Info.plist";
				PRODUCT_NAME = "$(TARGET_NAME)";
				WRAPPER_EXTENSION = app;
			};
			name = Debug;
		};
		8BEA8C7419C06EB4006D0FE1 /* Release */ = {
			isa = XCBuildConfiguration;
			buildSettings = {
				ASSETCATALOG_COMPILER_APPICON_NAME = AppIcon;
				ASSETCATALOG_COMPILER_LAUNCHIMAGE_NAME = LaunchImage;
				GCC_PRECOMPILE_PREFIX_HEADER = YES;
				GCC_PREFIX_HEADER = "ViewAnimationsTest/ViewAnimationsTest-Prefix.pch";
				INFOPLIST_FILE = "ViewAnimationsTest/ViewAnimationsTest-Info.plist";
				PRODUCT_NAME = "$(TARGET_NAME)";
				WRAPPER_EXTENSION = app;
			};
			name = Release;
		};
		8BEA8C7619C06EB4006D0FE1 /* Debug */ = {
			isa = XCBuildConfiguration;
			buildSettings = {
				BUNDLE_LOADER = "$(BUILT_PRODUCTS_DIR)/ViewAnimationsTest.app/ViewAnimationsTest";
				FRAMEWORK_SEARCH_PATHS = (
					"$(SDKROOT)/Developer/Library/Frameworks",
					"$(inherited)",
					"$(DEVELOPER_FRAMEWORKS_DIR)",
				);
				GCC_PRECOMPILE_PREFIX_HEADER = YES;
				GCC_PREFIX_HEADER = "ViewAnimationsTest/ViewAnimationsTest-Prefix.pch";
				GCC_PREPROCESSOR_DEFINITIONS = (
					"DEBUG=1",
					"$(inherited)",
				);
				INFOPLIST_FILE = "ViewAnimationsTestTests/ViewAnimationsTestTests-Info.plist";
				PRODUCT_NAME = "$(TARGET_NAME)";
				TEST_HOST = "$(BUNDLE_LOADER)";
				WRAPPER_EXTENSION = xctest;
			};
			name = Debug;
		};
		8BEA8C7719C06EB4006D0FE1 /* Release */ = {
			isa = XCBuildConfiguration;
			buildSettings = {
				BUNDLE_LOADER = "$(BUILT_PRODUCTS_DIR)/ViewAnimationsTest.app/ViewAnimationsTest";
				FRAMEWORK_SEARCH_PATHS = (
					"$(SDKROOT)/Developer/Library/Frameworks",
					"$(inherited)",
					"$(DEVELOPER_FRAMEWORKS_DIR)",
				);
				GCC_PRECOMPILE_PREFIX_HEADER = YES;
				GCC_PREFIX_HEADER = "ViewAnimationsTest/ViewAnimationsTest-Prefix.pch";
				INFOPLIST_FILE = "ViewAnimationsTestTests/ViewAnimationsTestTests-Info.plist";
				PRODUCT_NAME = "$(TARGET_NAME)";
				TEST_HOST = "$(BUNDLE_LOADER)";
				WRAPPER_EXTENSION = xctest;
			};
			name = Release;
		};
/* End XCBuildConfiguration section */

/* Begin XCConfigurationList section */
		8BEA8C3B19C06EB3006D0FE1 /* Build configuration list for PBXProject "ViewAnimationsTest" */ = {
			isa = XCConfigurationList;
			buildConfigurations = (
				8BEA8C7019C06EB4006D0FE1 /* Debug */,
				8BEA8C7119C06EB4006D0FE1 /* Release */,
			);
			defaultConfigurationIsVisible = 0;
			defaultConfigurationName = Release;
		};
		8BEA8C7219C06EB4006D0FE1 /* Build configuration list for PBXNativeTarget "ViewAnimationsTest" */ = {
			isa = XCConfigurationList;
			buildConfigurations = (
				8BEA8C7319C06EB4006D0FE1 /* Debug */,
				8BEA8C7419C06EB4006D0FE1 /* Release */,
			);
			defaultConfigurationIsVisible = 0;
		};
		8BEA8C7519C06EB4006D0FE1 /* Build configuration list for PBXNativeTarget "ViewAnimationsTestTests" */ = {
			isa = XCConfigurationList;
			buildConfigurations = (
				8BEA8C7619C06EB4006D0FE1 /* Debug */,
				8BEA8C7719C06EB4006D0FE1 /* Release */,
			);
			defaultConfigurationIsVisible = 0;
		};
/* End XCConfigurationList section */
	};
	rootObject = 8BEA8C3819C06EB3006D0FE1 /* Project object */;
}
